
Microsoft Visual Studio Solution File, Format Version 12.00
# Visual Studio Version 16
VisualStudioVersion = 16.0.31727.386
MinimumVisualStudioVersion = 10.0.40219.1
Project("{888888A0-9F3D-457C-B088-3A5042F75D52}") = "repos", "repos.pyproj", "{E3E85755-1D86-47D1-9899-DACF69BE5ACE}"
EndProject
Global
	GlobalSection(SolutionConfigurationPlatforms) = preSolution
		Debug|Any CPU = Debug|Any CPU
		Release|Any CPU = Release|Any CPU
	EndGlobalSection
	GlobalSection(ProjectConfigurationPlatforms) = postSolution
		{E3E85755-1D86-47D1-9899-DACF69BE5ACE}.Debug|Any CPU.ActiveCfg = Debug|Any CPU
		{E3E85755-1D86-47D1-9899-DACF69BE5ACE}.Release|Any CPU.ActiveCfg = Release|Any CPU
	EndGlobalSection
	GlobalSection(SolutionProperties) = preSolution
		HideSolutionNode = FALSE
	EndGlobalSection
	GlobalSection(ExtensibilityGlobals) = postSolution
		SolutionGuid = {72FDA124-E8EE-4F20-8F32-47403DBE335D}
	EndGlobalSection
EndGlobal
